
Microsoft Visual Studio Solution File, Format Version 12.00
# Visual Studio 14
VisualStudioVersion = 14.0.25420.1
MinimumVisualStudioVersion = 10.0.40219.1
Project("{2150E333-8FDC-42A3-9474-1A3956D46DE8}") = "App", "App", "{52C7113D-CB6A-4A0E-AD00-F2840069C3A5}"
EndProject
Project("{888888A0-9F3D-457C-B088-3A5042F75D52}") = "GtkSharp-NugetBuild", "GtkSharp-NugetBuild\GtkSharp-NugetBuild.pyproj", "{222475C5-78B6-4961-9552-D83D2C65A9A1}"
EndProject
Global
	GlobalSection(SolutionConfigurationPlatforms) = preSolution
		Debug|Any CPU = Debug|Any CPU
		Release|Any CPU = Release|Any CPU
	EndGlobalSection
	GlobalSection(ProjectConfigurationPlatforms) = postSolution
		{222475C5-78B6-4961-9552-D83D2C65A9A1}.Debug|Any CPU.ActiveCfg = Debug|Any CPU
		{222475C5-78B6-4961-9552-D83D2C65A9A1}.Release|Any CPU.ActiveCfg = Release|Any CPU
	EndGlobalSection
	GlobalSection(SolutionProperties) = preSolution
		HideSolutionNode = FALSE
	EndGlobalSection
	GlobalSection(NestedProjects) = preSolution
		{222475C5-78B6-4961-9552-D83D2C65A9A1} = {52C7113D-CB6A-4A0E-AD00-F2840069C3A5}
	EndGlobalSection
EndGlobal
