
Microsoft Visual Studio Solution File, Format Version 10.00
# Visual Studio 2008
Project("{FAE04EC0-301F-11D3-BF4B-00C04F79EFBC}") = "sample", "sample\sample.csproj", "{48234565-8E78-462E-ADEC-9AAA81B641B2}"
EndProject
Project("{FAE04EC0-301F-11D3-BF4B-00C04F79EFBC}") = "generator", "generator\generator.csproj", "{80E73555-2284-40DC-9068-9A40B7359B0C}"
EndProject
Project("{2150E333-8FDC-42A3-9474-1A3956D46DE8}") = "gtk-sharp", "gtk-sharp", "{E0AD538D-9979-479B-8CBA-ED9143536CE0}"
EndProject
Project("{FAE04EC0-301F-11D3-BF4B-00C04F79EFBC}") = "glib", "glib\glib.csproj", "{3BF1D531-8840-4F15-8066-A9788D8C398B}"
EndProject
Project("{FAE04EC0-301F-11D3-BF4B-00C04F79EFBC}") = "atk", "atk\atk.csproj", "{42FE871A-D8CF-4B29-9AFF-B02454E6C976}"
EndProject
Project("{FAE04EC0-301F-11D3-BF4B-00C04F79EFBC}") = "cairo", "cairo\cairo.csproj", "{364577DB-9728-4951-AC2C-EDF7A6FCC09D}"
EndProject
Project("{FAE04EC0-301F-11D3-BF4B-00C04F79EFBC}") = "gdk", "gdk\gdk.csproj", "{58346CC6-DE93-45B4-8093-3508BD5DAA12}"
EndProject
Project("{FAE04EC0-301F-11D3-BF4B-00C04F79EFBC}") = "gio", "gio\gio.csproj", "{1C3BB17B-336D-432A-8952-4E979BC90867}"
EndProject
Project("{FAE04EC0-301F-11D3-BF4B-00C04F79EFBC}") = "gtk", "gtk\gtk.csproj", "{94045F11-4266-40B4-910F-298985AF69D5}"
EndProject
Project("{FAE04EC0-301F-11D3-BF4B-00C04F79EFBC}") = "pango", "pango\pango.csproj", "{FF422D8C-562F-4EA6-8590-9D1A5CD40AD4}"
EndProject
Project("{FAE04EC0-301F-11D3-BF4B-00C04F79EFBC}") = "audit", "audit\audit.csproj", "{D8A1AAF8-EA10-4D1D-8A8A-D38C56C0A753}"
EndProject
Global
	GlobalSection(SolutionConfigurationPlatforms) = preSolution
		Debug|x86 = Debug|x86
		Release|x86 = Release|x86
	EndGlobalSection
	GlobalSection(ProjectConfigurationPlatforms) = postSolution
		{1C3BB17B-336D-432A-8952-4E979BC90867}.Debug|x86.ActiveCfg = Debug|x86
		{1C3BB17B-336D-432A-8952-4E979BC90867}.Debug|x86.Build.0 = Debug|x86
		{1C3BB17B-336D-432A-8952-4E979BC90867}.Release|x86.ActiveCfg = Release|x86
		{1C3BB17B-336D-432A-8952-4E979BC90867}.Release|x86.Build.0 = Release|x86
		{364577DB-9728-4951-AC2C-EDF7A6FCC09D}.Debug|x86.ActiveCfg = Debug|x86
		{364577DB-9728-4951-AC2C-EDF7A6FCC09D}.Debug|x86.Build.0 = Debug|x86
		{364577DB-9728-4951-AC2C-EDF7A6FCC09D}.Release|x86.ActiveCfg = Release|x86
		{364577DB-9728-4951-AC2C-EDF7A6FCC09D}.Release|x86.Build.0 = Release|x86
		{3BF1D531-8840-4F15-8066-A9788D8C398B}.Debug|x86.ActiveCfg = Debug|x86
		{3BF1D531-8840-4F15-8066-A9788D8C398B}.Debug|x86.Build.0 = Debug|x86
		{3BF1D531-8840-4F15-8066-A9788D8C398B}.Release|x86.ActiveCfg = Release|x86
		{3BF1D531-8840-4F15-8066-A9788D8C398B}.Release|x86.Build.0 = Release|x86
		{42FE871A-D8CF-4B29-9AFF-B02454E6C976}.Debug|x86.ActiveCfg = Debug|x86
		{42FE871A-D8CF-4B29-9AFF-B02454E6C976}.Debug|x86.Build.0 = Debug|x86
		{42FE871A-D8CF-4B29-9AFF-B02454E6C976}.Release|x86.ActiveCfg = Release|x86
		{42FE871A-D8CF-4B29-9AFF-B02454E6C976}.Release|x86.Build.0 = Release|x86
		{48234565-8E78-462E-ADEC-9AAA81B641B2}.Debug|x86.ActiveCfg = Debug|x86
		{48234565-8E78-462E-ADEC-9AAA81B641B2}.Debug|x86.Build.0 = Debug|x86
		{48234565-8E78-462E-ADEC-9AAA81B641B2}.Release|x86.ActiveCfg = Release|x86
		{48234565-8E78-462E-ADEC-9AAA81B641B2}.Release|x86.Build.0 = Release|x86
		{58346CC6-DE93-45B4-8093-3508BD5DAA12}.Debug|x86.ActiveCfg = Debug|x86
		{58346CC6-DE93-45B4-8093-3508BD5DAA12}.Debug|x86.Build.0 = Debug|x86
		{58346CC6-DE93-45B4-8093-3508BD5DAA12}.Release|x86.ActiveCfg = Release|x86
		{58346CC6-DE93-45B4-8093-3508BD5DAA12}.Release|x86.Build.0 = Release|x86
		{80E73555-2284-40DC-9068-9A40B7359B0C}.Debug|x86.ActiveCfg = Debug|x86
		{80E73555-2284-40DC-9068-9A40B7359B0C}.Debug|x86.Build.0 = Debug|x86
		{80E73555-2284-40DC-9068-9A40B7359B0C}.Release|x86.ActiveCfg = Release|x86
		{80E73555-2284-40DC-9068-9A40B7359B0C}.Release|x86.Build.0 = Release|x86
		{94045F11-4266-40B4-910F-298985AF69D5}.Debug|x86.ActiveCfg = Debug|x86
		{94045F11-4266-40B4-910F-298985AF69D5}.Debug|x86.Build.0 = Debug|x86
		{94045F11-4266-40B4-910F-298985AF69D5}.Release|x86.ActiveCfg = Release|x86
		{94045F11-4266-40B4-910F-298985AF69D5}.Release|x86.Build.0 = Release|x86
		{D8A1AAF8-EA10-4D1D-8A8A-D38C56C0A753}.Debug|x86.ActiveCfg = Debug|x86
		{D8A1AAF8-EA10-4D1D-8A8A-D38C56C0A753}.Debug|x86.Build.0 = Debug|x86
		{D8A1AAF8-EA10-4D1D-8A8A-D38C56C0A753}.Release|x86.ActiveCfg = Release|x86
		{D8A1AAF8-EA10-4D1D-8A8A-D38C56C0A753}.Release|x86.Build.0 = Release|x86
		{FF422D8C-562F-4EA6-8590-9D1A5CD40AD4}.Debug|x86.ActiveCfg = Debug|x86
		{FF422D8C-562F-4EA6-8590-9D1A5CD40AD4}.Debug|x86.Build.0 = Debug|x86
		{FF422D8C-562F-4EA6-8590-9D1A5CD40AD4}.Release|x86.ActiveCfg = Release|x86
		{FF422D8C-562F-4EA6-8590-9D1A5CD40AD4}.Release|x86.Build.0 = Release|x86
	EndGlobalSection
	GlobalSection(NestedProjects) = preSolution
		{3BF1D531-8840-4F15-8066-A9788D8C398B} = {E0AD538D-9979-479B-8CBA-ED9143536CE0}
		{42FE871A-D8CF-4B29-9AFF-B02454E6C976} = {E0AD538D-9979-479B-8CBA-ED9143536CE0}
		{364577DB-9728-4951-AC2C-EDF7A6FCC09D} = {E0AD538D-9979-479B-8CBA-ED9143536CE0}
		{58346CC6-DE93-45B4-8093-3508BD5DAA12} = {E0AD538D-9979-479B-8CBA-ED9143536CE0}
		{1C3BB17B-336D-432A-8952-4E979BC90867} = {E0AD538D-9979-479B-8CBA-ED9143536CE0}
		{94045F11-4266-40B4-910F-298985AF69D5} = {E0AD538D-9979-479B-8CBA-ED9143536CE0}
		{FF422D8C-562F-4EA6-8590-9D1A5CD40AD4} = {E0AD538D-9979-479B-8CBA-ED9143536CE0}
	EndGlobalSection
	GlobalSection(MonoDevelopProperties) = preSolution
		StartupItem = sample\sample.csproj
		Policies = $0
		$0.TextStylePolicy = $1
		$1.inheritsSet = null
		$1.scope = text/x-csharp
		$0.CSharpFormattingPolicy = $2
		$2.inheritsSet = Mono
		$2.inheritsScope = text/x-csharp
		$2.scope = text/x-csharp
		$0.TextStylePolicy = $3
		$3.FileWidth = 120
		$3.TabsToSpaces = False
		$3.inheritsSet = VisualStudio
		$3.inheritsScope = text/plain
		$3.scope = text/plain
		$0.DotNetNamingPolicy = $4
		$4.DirectoryNamespaceAssociation = None
		$4.ResourceNamePolicy = FileFormatDefault
		$0.StandardHeader = $5
		$5.Text = 
		$5.IncludeInNewFiles = True
		$0.NameConventionPolicy = $6
		$6.Rules = $7
		$7.NamingRule = $8
		$8.Name = Namespaces
		$8.AffectedEntity = Namespace
		$8.VisibilityMask = VisibilityMask
		$8.NamingStyle = PascalCase
		$8.IncludeInstanceMembers = True
		$8.IncludeStaticEntities = True
		$7.NamingRule = $9
		$9.Name = Types
		$9.AffectedEntity = Class, Struct, Enum, Delegate
		$9.VisibilityMask = VisibilityMask
		$9.NamingStyle = PascalCase
		$9.IncludeInstanceMembers = True
		$9.IncludeStaticEntities = True
		$7.NamingRule = $10
		$10.Name = Interfaces
		$10.RequiredPrefixes = $11
		$11.String = I
		$10.AffectedEntity = Interface
		$10.VisibilityMask = VisibilityMask
		$10.NamingStyle = PascalCase
		$10.IncludeInstanceMembers = True
		$10.IncludeStaticEntities = True
		$7.NamingRule = $12
		$12.Name = Attributes
		$12.RequiredSuffixes = $13
		$13.String = Attribute
		$12.AffectedEntity = CustomAttributes
		$12.VisibilityMask = VisibilityMask
		$12.NamingStyle = PascalCase
		$12.IncludeInstanceMembers = True
		$12.IncludeStaticEntities = True
		$7.NamingRule = $14
		$14.Name = Event Arguments
		$14.RequiredSuffixes = $15
		$15.String = EventArgs
		$14.AffectedEntity = CustomEventArgs
		$14.VisibilityMask = VisibilityMask
		$14.NamingStyle = PascalCase
		$14.IncludeInstanceMembers = True
		$14.IncludeStaticEntities = True
		$7.NamingRule = $16
		$16.Name = Exceptions
		$16.RequiredSuffixes = $17
		$17.String = Exception
		$16.AffectedEntity = CustomExceptions
		$16.VisibilityMask = VisibilityMask
		$16.NamingStyle = PascalCase
		$16.IncludeInstanceMembers = True
		$16.IncludeStaticEntities = True
		$7.NamingRule = $18
		$18.Name = Methods
		$18.AffectedEntity = Methods
		$18.VisibilityMask = VisibilityMask
		$18.NamingStyle = PascalCase
		$18.IncludeInstanceMembers = True
		$18.IncludeStaticEntities = True
		$7.NamingRule = $19
		$19.Name = Static Readonly Fields
		$19.AffectedEntity = ReadonlyField
		$19.VisibilityMask = Internal, Protected, Public
		$19.NamingStyle = PascalCase
		$19.IncludeInstanceMembers = False
		$19.IncludeStaticEntities = True
		$7.NamingRule = $20
		$20.Name = Fields (Non Private)
		$20.AffectedEntity = Field
		$20.VisibilityMask = Internal, Protected, Public
		$20.NamingStyle = PascalCase
		$20.IncludeInstanceMembers = True
		$20.IncludeStaticEntities = True
		$7.NamingRule = $21
		$21.Name = ReadOnly Fields (Non Private)
		$21.AffectedEntity = ReadonlyField
		$21.VisibilityMask = Internal, Protected, Public
		$21.NamingStyle = PascalCase
		$21.IncludeInstanceMembers = True
		$21.IncludeStaticEntities = False
		$7.NamingRule = $22
		$22.Name = Fields (Private)
		$22.AllowedPrefixes = $23
		$23.String = _
		$23.String = m_
		$22.AffectedEntity = Field, ReadonlyField
		$22.VisibilityMask = Private
		$22.NamingStyle = CamelCase
		$22.IncludeInstanceMembers = True
		$22.IncludeStaticEntities = False
		$7.NamingRule = $24
		$24.Name = Static Fields (Private)
		$24.AffectedEntity = Field
		$24.VisibilityMask = Private
		$24.NamingStyle = CamelCase
		$24.IncludeInstanceMembers = False
		$24.IncludeStaticEntities = True
		$7.NamingRule = $25
		$25.Name = ReadOnly Fields (Private)
		$25.AllowedPrefixes = $26
		$26.String = _
		$26.String = m_
		$25.AffectedEntity = ReadonlyField
		$25.VisibilityMask = Private
		$25.NamingStyle = CamelCase
		$25.IncludeInstanceMembers = True
		$25.IncludeStaticEntities = False
		$7.NamingRule = $27
		$27.Name = Constant Fields
		$27.AffectedEntity = ConstantField
		$27.VisibilityMask = VisibilityMask
		$27.NamingStyle = PascalCase
		$27.IncludeInstanceMembers = True
		$27.IncludeStaticEntities = True
		$7.NamingRule = $28
		$28.Name = Properties
		$28.AffectedEntity = Property
		$28.VisibilityMask = VisibilityMask
		$28.NamingStyle = PascalCase
		$28.IncludeInstanceMembers = True
		$28.IncludeStaticEntities = True
		$7.NamingRule = $29
		$29.Name = Events
		$29.AffectedEntity = Event
		$29.VisibilityMask = VisibilityMask
		$29.NamingStyle = PascalCase
		$29.IncludeInstanceMembers = True
		$29.IncludeStaticEntities = True
		$7.NamingRule = $30
		$30.Name = Enum Members
		$30.AffectedEntity = EnumMember
		$30.VisibilityMask = VisibilityMask
		$30.NamingStyle = PascalCase
		$30.IncludeInstanceMembers = True
		$30.IncludeStaticEntities = True
		$7.NamingRule = $31
		$31.Name = Parameters
		$31.AffectedEntity = Parameter
		$31.VisibilityMask = VisibilityMask
		$31.NamingStyle = CamelCase
		$31.IncludeInstanceMembers = True
		$31.IncludeStaticEntities = True
		$7.NamingRule = $32
		$32.Name = Type Parameters
		$32.RequiredPrefixes = $33
		$33.String = T
		$32.AffectedEntity = TypeParameter
		$32.VisibilityMask = VisibilityMask
		$32.NamingStyle = PascalCase
		$32.IncludeInstanceMembers = True
		$32.IncludeStaticEntities = True
	EndGlobalSection
EndGlobal
