
Microsoft Visual Studio Solution File, Format Version 12.00
# Visual Studio 2012
Project("{FAE04EC0-301F-11D3-BF4B-00C04F79EFBC}") = "MonoDevelop.GtkSharp.Addin", "MonoDevelop.GtkSharp.Addin.csproj", "{F58399F1-E539-4625-873D-90045BDB519E}"
EndProject
Global
	GlobalSection(SolutionConfigurationPlatforms) = preSolution
		Debug|Any CPU = Debug|Any CPU
		Release|Any CPU = Release|Any CPU
	EndGlobalSection
	GlobalSection(ProjectConfigurationPlatforms) = postSolution
		{F58399F1-E539-4625-873D-90045BDB519E}.Debug|Any CPU.ActiveCfg = Debug|Any CPU
		{F58399F1-E539-4625-873D-90045BDB519E}.Debug|Any CPU.Build.0 = Debug|Any CPU
		{F58399F1-E539-4625-873D-90045BDB519E}.Release|Any CPU.ActiveCfg = Release|Any CPU
		{F58399F1-E539-4625-873D-90045BDB519E}.Release|Any CPU.Build.0 = Release|Any CPU
	EndGlobalSection
EndGlobal
