
Microsoft Visual Studio Solution File, Format Version 12.00
# Visual Studio 15
VisualStudioVersion = 15.0.26124.0
MinimumVisualStudioVersion = 15.0.26124.0
Project("{FAE04EC0-301F-11D3-BF4B-00C04F79EFBC}") = "GLibSharp", "GLibSharp\GLibSharp.csproj", "{97C0501F-39DC-47D1-834A-7A8BE1D7DDE1}"
EndProject
Project("{FAE04EC0-301F-11D3-BF4B-00C04F79EFBC}") = "GioSharp", "GioSharp\GioSharp.csproj", "{25C49839-7DA6-45BA-849A-C6D4B8FAFA31}"
EndProject
Project("{FAE04EC0-301F-11D3-BF4B-00C04F79EFBC}") = "CairoSharp", "CairoSharp\CairoSharp.csproj", "{23BB5F1B-2E85-4DF8-AC51-8018DDB8DE0E}"
EndProject
Project("{FAE04EC0-301F-11D3-BF4B-00C04F79EFBC}") = "PangoSharp", "PangoSharp\PangoSharp.csproj", "{B7A3467A-DFF6-4089-B78A-E13B3D11FDAD}"
EndProject
Project("{FAE04EC0-301F-11D3-BF4B-00C04F79EFBC}") = "GdkSharp", "GdkSharp\GdkSharp.csproj", "{9596DD67-45E2-4A38-AF3A-B8314172FC89}"
EndProject
Project("{FAE04EC0-301F-11D3-BF4B-00C04F79EFBC}") = "GtkSharp", "GtkSharp\GtkSharp.csproj", "{1EB02885-8190-4A5D-B9EE-CD14E6EA149B}"
EndProject
Global
	GlobalSection(SolutionConfigurationPlatforms) = preSolution
		Debug|Any CPU = Debug|Any CPU
		Debug|x64 = Debug|x64
		Debug|x86 = Debug|x86
		Release|Any CPU = Release|Any CPU
		Release|x64 = Release|x64
		Release|x86 = Release|x86
	EndGlobalSection
	GlobalSection(SolutionProperties) = preSolution
		HideSolutionNode = FALSE
	EndGlobalSection
	GlobalSection(ProjectConfigurationPlatforms) = postSolution
		{97C0501F-39DC-47D1-834A-7A8BE1D7DDE1}.Debug|Any CPU.ActiveCfg = Debug|Any CPU
		{97C0501F-39DC-47D1-834A-7A8BE1D7DDE1}.Debug|Any CPU.Build.0 = Debug|Any CPU
		{97C0501F-39DC-47D1-834A-7A8BE1D7DDE1}.Debug|x64.ActiveCfg = Debug|x64
		{97C0501F-39DC-47D1-834A-7A8BE1D7DDE1}.Debug|x64.Build.0 = Debug|x64
		{97C0501F-39DC-47D1-834A-7A8BE1D7DDE1}.Debug|x86.ActiveCfg = Debug|x86
		{97C0501F-39DC-47D1-834A-7A8BE1D7DDE1}.Debug|x86.Build.0 = Debug|x86
		{97C0501F-39DC-47D1-834A-7A8BE1D7DDE1}.Release|Any CPU.ActiveCfg = Release|Any CPU
		{97C0501F-39DC-47D1-834A-7A8BE1D7DDE1}.Release|Any CPU.Build.0 = Release|Any CPU
		{97C0501F-39DC-47D1-834A-7A8BE1D7DDE1}.Release|x64.ActiveCfg = Release|x64
		{97C0501F-39DC-47D1-834A-7A8BE1D7DDE1}.Release|x64.Build.0 = Release|x64
		{97C0501F-39DC-47D1-834A-7A8BE1D7DDE1}.Release|x86.ActiveCfg = Release|x86
		{97C0501F-39DC-47D1-834A-7A8BE1D7DDE1}.Release|x86.Build.0 = Release|x86
		{25C49839-7DA6-45BA-849A-C6D4B8FAFA31}.Debug|Any CPU.ActiveCfg = Debug|Any CPU
		{25C49839-7DA6-45BA-849A-C6D4B8FAFA31}.Debug|Any CPU.Build.0 = Debug|Any CPU
		{25C49839-7DA6-45BA-849A-C6D4B8FAFA31}.Debug|x64.ActiveCfg = Debug|x64
		{25C49839-7DA6-45BA-849A-C6D4B8FAFA31}.Debug|x64.Build.0 = Debug|x64
		{25C49839-7DA6-45BA-849A-C6D4B8FAFA31}.Debug|x86.ActiveCfg = Debug|x86
		{25C49839-7DA6-45BA-849A-C6D4B8FAFA31}.Debug|x86.Build.0 = Debug|x86
		{25C49839-7DA6-45BA-849A-C6D4B8FAFA31}.Release|Any CPU.ActiveCfg = Release|Any CPU
		{25C49839-7DA6-45BA-849A-C6D4B8FAFA31}.Release|Any CPU.Build.0 = Release|Any CPU
		{25C49839-7DA6-45BA-849A-C6D4B8FAFA31}.Release|x64.ActiveCfg = Release|x64
		{25C49839-7DA6-45BA-849A-C6D4B8FAFA31}.Release|x64.Build.0 = Release|x64
		{25C49839-7DA6-45BA-849A-C6D4B8FAFA31}.Release|x86.ActiveCfg = Release|x86
		{25C49839-7DA6-45BA-849A-C6D4B8FAFA31}.Release|x86.Build.0 = Release|x86
		{23BB5F1B-2E85-4DF8-AC51-8018DDB8DE0E}.Debug|Any CPU.ActiveCfg = Debug|Any CPU
		{23BB5F1B-2E85-4DF8-AC51-8018DDB8DE0E}.Debug|Any CPU.Build.0 = Debug|Any CPU
		{23BB5F1B-2E85-4DF8-AC51-8018DDB8DE0E}.Debug|x64.ActiveCfg = Debug|x64
		{23BB5F1B-2E85-4DF8-AC51-8018DDB8DE0E}.Debug|x64.Build.0 = Debug|x64
		{23BB5F1B-2E85-4DF8-AC51-8018DDB8DE0E}.Debug|x86.ActiveCfg = Debug|x86
		{23BB5F1B-2E85-4DF8-AC51-8018DDB8DE0E}.Debug|x86.Build.0 = Debug|x86
		{23BB5F1B-2E85-4DF8-AC51-8018DDB8DE0E}.Release|Any CPU.ActiveCfg = Release|Any CPU
		{23BB5F1B-2E85-4DF8-AC51-8018DDB8DE0E}.Release|Any CPU.Build.0 = Release|Any CPU
		{23BB5F1B-2E85-4DF8-AC51-8018DDB8DE0E}.Release|x64.ActiveCfg = Release|x64
		{23BB5F1B-2E85-4DF8-AC51-8018DDB8DE0E}.Release|x64.Build.0 = Release|x64
		{23BB5F1B-2E85-4DF8-AC51-8018DDB8DE0E}.Release|x86.ActiveCfg = Release|x86
		{23BB5F1B-2E85-4DF8-AC51-8018DDB8DE0E}.Release|x86.Build.0 = Release|x86
		{B7A3467A-DFF6-4089-B78A-E13B3D11FDAD}.Debug|Any CPU.ActiveCfg = Debug|Any CPU
		{B7A3467A-DFF6-4089-B78A-E13B3D11FDAD}.Debug|Any CPU.Build.0 = Debug|Any CPU
		{B7A3467A-DFF6-4089-B78A-E13B3D11FDAD}.Debug|x64.ActiveCfg = Debug|x64
		{B7A3467A-DFF6-4089-B78A-E13B3D11FDAD}.Debug|x64.Build.0 = Debug|x64
		{B7A3467A-DFF6-4089-B78A-E13B3D11FDAD}.Debug|x86.ActiveCfg = Debug|x86
		{B7A3467A-DFF6-4089-B78A-E13B3D11FDAD}.Debug|x86.Build.0 = Debug|x86
		{B7A3467A-DFF6-4089-B78A-E13B3D11FDAD}.Release|Any CPU.ActiveCfg = Release|Any CPU
		{B7A3467A-DFF6-4089-B78A-E13B3D11FDAD}.Release|Any CPU.Build.0 = Release|Any CPU
		{B7A3467A-DFF6-4089-B78A-E13B3D11FDAD}.Release|x64.ActiveCfg = Release|x64
		{B7A3467A-DFF6-4089-B78A-E13B3D11FDAD}.Release|x64.Build.0 = Release|x64
		{B7A3467A-DFF6-4089-B78A-E13B3D11FDAD}.Release|x86.ActiveCfg = Release|x86
		{B7A3467A-DFF6-4089-B78A-E13B3D11FDAD}.Release|x86.Build.0 = Release|x86
		{9596DD67-45E2-4A38-AF3A-B8314172FC89}.Debug|Any CPU.ActiveCfg = Debug|Any CPU
		{9596DD67-45E2-4A38-AF3A-B8314172FC89}.Debug|Any CPU.Build.0 = Debug|Any CPU
		{9596DD67-45E2-4A38-AF3A-B8314172FC89}.Debug|x64.ActiveCfg = Debug|x64
		{9596DD67-45E2-4A38-AF3A-B8314172FC89}.Debug|x64.Build.0 = Debug|x64
		{9596DD67-45E2-4A38-AF3A-B8314172FC89}.Debug|x86.ActiveCfg = Debug|x86
		{9596DD67-45E2-4A38-AF3A-B8314172FC89}.Debug|x86.Build.0 = Debug|x86
		{9596DD67-45E2-4A38-AF3A-B8314172FC89}.Release|Any CPU.ActiveCfg = Release|Any CPU
		{9596DD67-45E2-4A38-AF3A-B8314172FC89}.Release|Any CPU.Build.0 = Release|Any CPU
		{9596DD67-45E2-4A38-AF3A-B8314172FC89}.Release|x64.ActiveCfg = Release|x64
		{9596DD67-45E2-4A38-AF3A-B8314172FC89}.Release|x64.Build.0 = Release|x64
		{9596DD67-45E2-4A38-AF3A-B8314172FC89}.Release|x86.ActiveCfg = Release|x86
		{9596DD67-45E2-4A38-AF3A-B8314172FC89}.Release|x86.Build.0 = Release|x86
		{1EB02885-8190-4A5D-B9EE-CD14E6EA149B}.Debug|Any CPU.ActiveCfg = Debug|Any CPU
		{1EB02885-8190-4A5D-B9EE-CD14E6EA149B}.Debug|Any CPU.Build.0 = Debug|Any CPU
		{1EB02885-8190-4A5D-B9EE-CD14E6EA149B}.Debug|x64.ActiveCfg = Debug|x64
		{1EB02885-8190-4A5D-B9EE-CD14E6EA149B}.Debug|x64.Build.0 = Debug|x64
		{1EB02885-8190-4A5D-B9EE-CD14E6EA149B}.Debug|x86.ActiveCfg = Debug|x86
		{1EB02885-8190-4A5D-B9EE-CD14E6EA149B}.Debug|x86.Build.0 = Debug|x86
		{1EB02885-8190-4A5D-B9EE-CD14E6EA149B}.Release|Any CPU.ActiveCfg = Release|Any CPU
		{1EB02885-8190-4A5D-B9EE-CD14E6EA149B}.Release|Any CPU.Build.0 = Release|Any CPU
		{1EB02885-8190-4A5D-B9EE-CD14E6EA149B}.Release|x64.ActiveCfg = Release|x64
		{1EB02885-8190-4A5D-B9EE-CD14E6EA149B}.Release|x64.Build.0 = Release|x64
		{1EB02885-8190-4A5D-B9EE-CD14E6EA149B}.Release|x86.ActiveCfg = Release|x86
		{1EB02885-8190-4A5D-B9EE-CD14E6EA149B}.Release|x86.Build.0 = Release|x86
	EndGlobalSection
EndGlobal
