Microsoft Visual Studio Solution File, Format Version 12.00
# Visual Studio Version 16
VisualStudioVersion = 16.0.29424.173
MinimumVisualStudioVersion = 15.0.26124.0
Project("{2150E333-8FDC-42A3-9474-1A3956D46DE8}") = "Libs", "Libs", "{CCEA1235-D75F-4919-83F6-16793B11BEF5}"
EndProject
Project("{9A19103F-16F7-4668-BE54-9A1E7A4F7556}") = "GLibSharp", "Libs\GLibSharp\GLibSharp.csproj", "{B29673A7-EBEA-41F4-9F22-D72B333042A2}"
EndProject
Project("{9A19103F-16F7-4668-BE54-9A1E7A4F7556}") = "PangoSharp", "Libs\PangoSharp\PangoSharp.csproj", "{D3E99527-1FEC-4DC7-8083-85E7C338E287}"
EndProject
Project("{9A19103F-16F7-4668-BE54-9A1E7A4F7556}") = "CairoSharp", "Libs\CairoSharp\CairoSharp.csproj", "{92C67E4C-8FDE-463B-BEB9-CB09970887DD}"
EndProject
Project("{9A19103F-16F7-4668-BE54-9A1E7A4F7556}") = "AtkSharp", "Libs\AtkSharp\AtkSharp.csproj", "{12A721AA-8E7F-459A-A62D-F7372350E5F1}"
EndProject
Project("{9A19103F-16F7-4668-BE54-9A1E7A4F7556}") = "GdkSharp", "Libs\GdkSharp\GdkSharp.csproj", "{E6D83259-6389-4768-B0A0-A649892DFE62}"
EndProject
Project("{9A19103F-16F7-4668-BE54-9A1E7A4F7556}") = "GioSharp", "Libs\GioSharp\GioSharp.csproj", "{B4B26375-BED5-4000-A38F-899FF1672B47}"
EndProject
Project("{9A19103F-16F7-4668-BE54-9A1E7A4F7556}") = "GtkSharp", "Libs\GtkSharp\GtkSharp.csproj", "{04597E0B-375D-4E08-A16C-EE5FF3937B73}"
EndProject
Project("{9A19103F-16F7-4668-BE54-9A1E7A4F7556}") = "Samples", "Samples\Samples.csproj", "{A5667C9B-5D29-4FB6-B548-D1317A2CEF90}"
EndProject
Project("{FAE04EC0-301F-11D3-BF4B-00C04F79EFBC}") = "GtkSourceSharp", "Libs\GtkSourceSharp\GtkSourceSharp.csproj", "{2BD3D08E-0FDD-4DC3-A063-58B10B525DA8}"
EndProject
Global
	GlobalSection(SolutionConfigurationPlatforms) = preSolution
		Debug|Any CPU = Debug|Any CPU
		Debug|x64 = Debug|x64
		Debug|x86 = Debug|x86
		Release|Any CPU = Release|Any CPU
		Release|x64 = Release|x64
		Release|x86 = Release|x86
	EndGlobalSection
	GlobalSection(ProjectConfigurationPlatforms) = postSolution
		{B29673A7-EBEA-41F4-9F22-D72B333042A2}.Debug|Any CPU.ActiveCfg = Debug|Any CPU
		{B29673A7-EBEA-41F4-9F22-D72B333042A2}.Debug|Any CPU.Build.0 = Debug|Any CPU
		{B29673A7-EBEA-41F4-9F22-D72B333042A2}.Debug|x64.ActiveCfg = Debug|Any CPU
		{B29673A7-EBEA-41F4-9F22-D72B333042A2}.Debug|x64.Build.0 = Debug|Any CPU
		{B29673A7-EBEA-41F4-9F22-D72B333042A2}.Debug|x86.ActiveCfg = Debug|Any CPU
		{B29673A7-EBEA-41F4-9F22-D72B333042A2}.Debug|x86.Build.0 = Debug|Any CPU
		{B29673A7-EBEA-41F4-9F22-D72B333042A2}.Release|Any CPU.ActiveCfg = Release|Any CPU
		{B29673A7-EBEA-41F4-9F22-D72B333042A2}.Release|Any CPU.Build.0 = Release|Any CPU
		{B29673A7-EBEA-41F4-9F22-D72B333042A2}.Release|x64.ActiveCfg = Release|Any CPU
		{B29673A7-EBEA-41F4-9F22-D72B333042A2}.Release|x64.Build.0 = Release|Any CPU
		{B29673A7-EBEA-41F4-9F22-D72B333042A2}.Release|x86.ActiveCfg = Release|Any CPU
		{B29673A7-EBEA-41F4-9F22-D72B333042A2}.Release|x86.Build.0 = Release|Any CPU
		{D3E99527-1FEC-4DC7-8083-85E7C338E287}.Debug|Any CPU.ActiveCfg = Debug|Any CPU
		{D3E99527-1FEC-4DC7-8083-85E7C338E287}.Debug|Any CPU.Build.0 = Debug|Any CPU
		{D3E99527-1FEC-4DC7-8083-85E7C338E287}.Debug|x64.ActiveCfg = Debug|Any CPU
		{D3E99527-1FEC-4DC7-8083-85E7C338E287}.Debug|x64.Build.0 = Debug|Any CPU
		{D3E99527-1FEC-4DC7-8083-85E7C338E287}.Debug|x86.ActiveCfg = Debug|Any CPU
		{D3E99527-1FEC-4DC7-8083-85E7C338E287}.Debug|x86.Build.0 = Debug|Any CPU
		{D3E99527-1FEC-4DC7-8083-85E7C338E287}.Release|Any CPU.ActiveCfg = Release|Any CPU
		{D3E99527-1FEC-4DC7-8083-85E7C338E287}.Release|Any CPU.Build.0 = Release|Any CPU
		{D3E99527-1FEC-4DC7-8083-85E7C338E287}.Release|x64.ActiveCfg = Release|Any CPU
		{D3E99527-1FEC-4DC7-8083-85E7C338E287}.Release|x64.Build.0 = Release|Any CPU
		{D3E99527-1FEC-4DC7-8083-85E7C338E287}.Release|x86.ActiveCfg = Release|Any CPU
		{D3E99527-1FEC-4DC7-8083-85E7C338E287}.Release|x86.Build.0 = Release|Any CPU
		{92C67E4C-8FDE-463B-BEB9-CB09970887DD}.Debug|Any CPU.ActiveCfg = Debug|Any CPU
		{92C67E4C-8FDE-463B-BEB9-CB09970887DD}.Debug|Any CPU.Build.0 = Debug|Any CPU
		{92C67E4C-8FDE-463B-BEB9-CB09970887DD}.Debug|x64.ActiveCfg = Debug|Any CPU
		{92C67E4C-8FDE-463B-BEB9-CB09970887DD}.Debug|x64.Build.0 = Debug|Any CPU
		{92C67E4C-8FDE-463B-BEB9-CB09970887DD}.Debug|x86.ActiveCfg = Debug|Any CPU
		{92C67E4C-8FDE-463B-BEB9-CB09970887DD}.Debug|x86.Build.0 = Debug|Any CPU
		{92C67E4C-8FDE-463B-BEB9-CB09970887DD}.Release|Any CPU.ActiveCfg = Release|Any CPU
		{92C67E4C-8FDE-463B-BEB9-CB09970887DD}.Release|Any CPU.Build.0 = Release|Any CPU
		{92C67E4C-8FDE-463B-BEB9-CB09970887DD}.Release|x64.ActiveCfg = Release|Any CPU
		{92C67E4C-8FDE-463B-BEB9-CB09970887DD}.Release|x64.Build.0 = Release|Any CPU
		{92C67E4C-8FDE-463B-BEB9-CB09970887DD}.Release|x86.ActiveCfg = Release|Any CPU
		{92C67E4C-8FDE-463B-BEB9-CB09970887DD}.Release|x86.Build.0 = Release|Any CPU
		{12A721AA-8E7F-459A-A62D-F7372350E5F1}.Debug|Any CPU.ActiveCfg = Debug|Any CPU
		{12A721AA-8E7F-459A-A62D-F7372350E5F1}.Debug|Any CPU.Build.0 = Debug|Any CPU
		{12A721AA-8E7F-459A-A62D-F7372350E5F1}.Debug|x64.ActiveCfg = Debug|Any CPU
		{12A721AA-8E7F-459A-A62D-F7372350E5F1}.Debug|x64.Build.0 = Debug|Any CPU
		{12A721AA-8E7F-459A-A62D-F7372350E5F1}.Debug|x86.ActiveCfg = Debug|Any CPU
		{12A721AA-8E7F-459A-A62D-F7372350E5F1}.Debug|x86.Build.0 = Debug|Any CPU
		{12A721AA-8E7F-459A-A62D-F7372350E5F1}.Release|Any CPU.ActiveCfg = Release|Any CPU
		{12A721AA-8E7F-459A-A62D-F7372350E5F1}.Release|Any CPU.Build.0 = Release|Any CPU
		{12A721AA-8E7F-459A-A62D-F7372350E5F1}.Release|x64.ActiveCfg = Release|Any CPU
		{12A721AA-8E7F-459A-A62D-F7372350E5F1}.Release|x64.Build.0 = Release|Any CPU
		{12A721AA-8E7F-459A-A62D-F7372350E5F1}.Release|x86.ActiveCfg = Release|Any CPU
		{12A721AA-8E7F-459A-A62D-F7372350E5F1}.Release|x86.Build.0 = Release|Any CPU
		{E6D83259-6389-4768-B0A0-A649892DFE62}.Debug|Any CPU.ActiveCfg = Debug|Any CPU
		{E6D83259-6389-4768-B0A0-A649892DFE62}.Debug|Any CPU.Build.0 = Debug|Any CPU
		{E6D83259-6389-4768-B0A0-A649892DFE62}.Debug|x64.ActiveCfg = Debug|Any CPU
		{E6D83259-6389-4768-B0A0-A649892DFE62}.Debug|x64.Build.0 = Debug|Any CPU
		{E6D83259-6389-4768-B0A0-A649892DFE62}.Debug|x86.ActiveCfg = Debug|Any CPU
		{E6D83259-6389-4768-B0A0-A649892DFE62}.Debug|x86.Build.0 = Debug|Any CPU
		{E6D83259-6389-4768-B0A0-A649892DFE62}.Release|Any CPU.ActiveCfg = Release|Any CPU
		{E6D83259-6389-4768-B0A0-A649892DFE62}.Release|Any CPU.Build.0 = Release|Any CPU
		{E6D83259-6389-4768-B0A0-A649892DFE62}.Release|x64.ActiveCfg = Release|Any CPU
		{E6D83259-6389-4768-B0A0-A649892DFE62}.Release|x64.Build.0 = Release|Any CPU
		{E6D83259-6389-4768-B0A0-A649892DFE62}.Release|x86.ActiveCfg = Release|Any CPU
		{E6D83259-6389-4768-B0A0-A649892DFE62}.Release|x86.Build.0 = Release|Any CPU
		{B4B26375-BED5-4000-A38F-899FF1672B47}.Debug|Any CPU.ActiveCfg = Debug|Any CPU
		{B4B26375-BED5-4000-A38F-899FF1672B47}.Debug|Any CPU.Build.0 = Debug|Any CPU
		{B4B26375-BED5-4000-A38F-899FF1672B47}.Debug|x64.ActiveCfg = Debug|Any CPU
		{B4B26375-BED5-4000-A38F-899FF1672B47}.Debug|x64.Build.0 = Debug|Any CPU
		{B4B26375-BED5-4000-A38F-899FF1672B47}.Debug|x86.ActiveCfg = Debug|Any CPU
		{B4B26375-BED5-4000-A38F-899FF1672B47}.Debug|x86.Build.0 = Debug|Any CPU
		{B4B26375-BED5-4000-A38F-899FF1672B47}.Release|Any CPU.ActiveCfg = Release|Any CPU
		{B4B26375-BED5-4000-A38F-899FF1672B47}.Release|Any CPU.Build.0 = Release|Any CPU
		{B4B26375-BED5-4000-A38F-899FF1672B47}.Release|x64.ActiveCfg = Release|Any CPU
		{B4B26375-BED5-4000-A38F-899FF1672B47}.Release|x64.Build.0 = Release|Any CPU
		{B4B26375-BED5-4000-A38F-899FF1672B47}.Release|x86.ActiveCfg = Release|Any CPU
		{B4B26375-BED5-4000-A38F-899FF1672B47}.Release|x86.Build.0 = Release|Any CPU
		{04597E0B-375D-4E08-A16C-EE5FF3937B73}.Debug|Any CPU.ActiveCfg = Debug|Any CPU
		{04597E0B-375D-4E08-A16C-EE5FF3937B73}.Debug|Any CPU.Build.0 = Debug|Any CPU
		{04597E0B-375D-4E08-A16C-EE5FF3937B73}.Debug|x64.ActiveCfg = Debug|Any CPU
		{04597E0B-375D-4E08-A16C-EE5FF3937B73}.Debug|x64.Build.0 = Debug|Any CPU
		{04597E0B-375D-4E08-A16C-EE5FF3937B73}.Debug|x86.ActiveCfg = Debug|Any CPU
		{04597E0B-375D-4E08-A16C-EE5FF3937B73}.Debug|x86.Build.0 = Debug|Any CPU
		{04597E0B-375D-4E08-A16C-EE5FF3937B73}.Release|Any CPU.ActiveCfg = Release|Any CPU
		{04597E0B-375D-4E08-A16C-EE5FF3937B73}.Release|Any CPU.Build.0 = Release|Any CPU
		{04597E0B-375D-4E08-A16C-EE5FF3937B73}.Release|x64.ActiveCfg = Release|Any CPU
		{04597E0B-375D-4E08-A16C-EE5FF3937B73}.Release|x64.Build.0 = Release|Any CPU
		{04597E0B-375D-4E08-A16C-EE5FF3937B73}.Release|x86.ActiveCfg = Release|Any CPU
		{04597E0B-375D-4E08-A16C-EE5FF3937B73}.Release|x86.Build.0 = Release|Any CPU
		{A5667C9B-5D29-4FB6-B548-D1317A2CEF90}.Debug|Any CPU.ActiveCfg = Debug|Any CPU
		{A5667C9B-5D29-4FB6-B548-D1317A2CEF90}.Debug|Any CPU.Build.0 = Debug|Any CPU
		{A5667C9B-5D29-4FB6-B548-D1317A2CEF90}.Debug|x64.ActiveCfg = Debug|Any CPU
		{A5667C9B-5D29-4FB6-B548-D1317A2CEF90}.Debug|x64.Build.0 = Debug|Any CPU
		{A5667C9B-5D29-4FB6-B548-D1317A2CEF90}.Debug|x86.ActiveCfg = Debug|Any CPU
		{A5667C9B-5D29-4FB6-B548-D1317A2CEF90}.Debug|x86.Build.0 = Debug|Any CPU
		{A5667C9B-5D29-4FB6-B548-D1317A2CEF90}.Release|Any CPU.ActiveCfg = Release|Any CPU
		{A5667C9B-5D29-4FB6-B548-D1317A2CEF90}.Release|Any CPU.Build.0 = Release|Any CPU
		{A5667C9B-5D29-4FB6-B548-D1317A2CEF90}.Release|x64.ActiveCfg = Release|Any CPU
		{A5667C9B-5D29-4FB6-B548-D1317A2CEF90}.Release|x64.Build.0 = Release|Any CPU
		{A5667C9B-5D29-4FB6-B548-D1317A2CEF90}.Release|x86.ActiveCfg = Release|Any CPU
		{A5667C9B-5D29-4FB6-B548-D1317A2CEF90}.Release|x86.Build.0 = Release|Any CPU
		{2BD3D08E-0FDD-4DC3-A063-58B10B525DA8}.Debug|Any CPU.ActiveCfg = Debug|Any CPU
		{2BD3D08E-0FDD-4DC3-A063-58B10B525DA8}.Debug|Any CPU.Build.0 = Debug|Any CPU
		{2BD3D08E-0FDD-4DC3-A063-58B10B525DA8}.Debug|x64.ActiveCfg = Debug|Any CPU
		{2BD3D08E-0FDD-4DC3-A063-58B10B525DA8}.Debug|x64.Build.0 = Debug|Any CPU
		{2BD3D08E-0FDD-4DC3-A063-58B10B525DA8}.Debug|x86.ActiveCfg = Debug|Any CPU
		{2BD3D08E-0FDD-4DC3-A063-58B10B525DA8}.Debug|x86.Build.0 = Debug|Any CPU
		{2BD3D08E-0FDD-4DC3-A063-58B10B525DA8}.Release|Any CPU.ActiveCfg = Release|Any CPU
		{2BD3D08E-0FDD-4DC3-A063-58B10B525DA8}.Release|Any CPU.Build.0 = Release|Any CPU
		{2BD3D08E-0FDD-4DC3-A063-58B10B525DA8}.Release|x64.ActiveCfg = Release|Any CPU
		{2BD3D08E-0FDD-4DC3-A063-58B10B525DA8}.Release|x64.Build.0 = Release|Any CPU
		{2BD3D08E-0FDD-4DC3-A063-58B10B525DA8}.Release|x86.ActiveCfg = Release|Any CPU
		{2BD3D08E-0FDD-4DC3-A063-58B10B525DA8}.Release|x86.Build.0 = Release|Any CPU
	EndGlobalSection
	GlobalSection(SolutionProperties) = preSolution
		HideSolutionNode = FALSE
	EndGlobalSection
	GlobalSection(NestedProjects) = preSolution
		{B29673A7-EBEA-41F4-9F22-D72B333042A2} = {CCEA1235-D75F-4919-83F6-16793B11BEF5}
		{D3E99527-1FEC-4DC7-8083-85E7C338E287} = {CCEA1235-D75F-4919-83F6-16793B11BEF5}
		{92C67E4C-8FDE-463B-BEB9-CB09970887DD} = {CCEA1235-D75F-4919-83F6-16793B11BEF5}
		{12A721AA-8E7F-459A-A62D-F7372350E5F1} = {CCEA1235-D75F-4919-83F6-16793B11BEF5}
		{E6D83259-6389-4768-B0A0-A649892DFE62} = {CCEA1235-D75F-4919-83F6-16793B11BEF5}
		{B4B26375-BED5-4000-A38F-899FF1672B47} = {CCEA1235-D75F-4919-83F6-16793B11BEF5}
		{04597E0B-375D-4E08-A16C-EE5FF3937B73} = {CCEA1235-D75F-4919-83F6-16793B11BEF5}
		{2BD3D08E-0FDD-4DC3-A063-58B10B525DA8} = {CCEA1235-D75F-4919-83F6-16793B11BEF5}
	EndGlobalSection
	GlobalSection(ExtensibilityGlobals) = postSolution
		SolutionGuid = {DA4DD75D-B6C8-4836-AF84-B5FF538D9D86}
	EndGlobalSection
EndGlobal
