
Microsoft Visual Studio Solution File, Format Version 12.00
# Visual Studio Version 18
VisualStudioVersion = 18.7.11919.86
MinimumVisualStudioVersion = 15.0.26124.0
Project("{2150E333-8FDC-42A3-9474-1A3956D46DE8}") = "Libs", "Libs", "{CCEA1235-D75F-4919-83F6-16793B11BEF5}"
EndProject
Project("{9A19103F-16F7-4668-BE54-9A1E7A4F7556}") = "GLibSharp", "Libs\GLibSharp\GLibSharp.csproj", "{B29673A7-EBEA-41F4-9F22-D72B333042A2}"
EndProject
Project("{9A19103F-16F7-4668-BE54-9A1E7A4F7556}") = "PangoSharp", "Libs\PangoSharp\PangoSharp.csproj", "{D3E99527-1FEC-4DC7-8083-85E7C338E287}"
EndProject
Project("{9A19103F-16F7-4668-BE54-9A1E7A4F7556}") = "CairoSharp", "Libs\CairoSharp\CairoSharp.csproj", "{92C67E4C-8FDE-463B-BEB9-CB09970887DD}"
EndProject
Project("{9A19103F-16F7-4668-BE54-9A1E7A4F7556}") = "GdkSharp", "Libs\GdkSharp\GdkSharp.csproj", "{E6D83259-6389-4768-B0A0-A649892DFE62}"
EndProject
Project("{9A19103F-16F7-4668-BE54-9A1E7A4F7556}") = "GioSharp", "Libs\GioSharp\GioSharp.csproj", "{B4B26375-BED5-4000-A38F-899FF1672B47}"
EndProject
Project("{9A19103F-16F7-4668-BE54-9A1E7A4F7556}") = "GtkSharp", "Libs\GtkSharp\GtkSharp.csproj", "{04597E0B-375D-4E08-A16C-EE5FF3937B73}"
EndProject
Project("{9A19103F-16F7-4668-BE54-9A1E7A4F7556}") = "Samples", "Samples\Samples.csproj", "{A5667C9B-5D29-4FB6-B548-D1317A2CEF90}"
EndProject
Project("{FAE04EC0-301F-11D3-BF4B-00C04F79EFBC}") = "GtkSourceSharp", "Libs\GtkSourceSharp\GtkSourceSharp.csproj", "{2BD3D08E-0FDD-4DC3-A063-58B10B525DA8}"
EndProject
Project("{FAE04EC0-301F-11D3-BF4B-00C04F79EFBC}") = "WebkitGtkSharp", "Libs\WebkitGtkSharp\WebkitGtkSharp.csproj", "{60E31DAD-B6E8-4074-B2ED-53FCDFCB0F4D}"
EndProject
Project("{9A19103F-16F7-4668-BE54-9A1E7A4F7556}") = "GrapheneSharp", "Libs\GrapheneSharp\GrapheneSharp.csproj", "{3B6D1E44-2A97-4F58-9C0E-51D7A2E64B18}"
EndProject
Project("{9A19103F-16F7-4668-BE54-9A1E7A4F7556}") = "GskSharp", "Libs\GskSharp\GskSharp.csproj", "{9E4C7A15-63B2-48D9-A7F3-0C5B81E92D46}"
EndProject
Project("{9A19103F-16F7-4668-BE54-9A1E7A4F7556}") = "AdwaitaSharp", "Libs\AdwaitaSharp\AdwaitaSharp.csproj", "{5A81F03C-7D46-4E29-B15A-8F62C0D74E93}"
EndProject
Project("{2150E333-8FDC-42A3-9474-1A3956D46DE8}") = "Tests", "Tests", "{0AB3BF05-4346-4AA6-1389-037BE0695223}"
EndProject
Project("{FAE04EC0-301F-11D3-BF4B-00C04F79EFBC}") = "GtkSharp.Tests", "Tests\GtkSharp.Tests\GtkSharp.Tests.csproj", "{5AF767AD-F5EC-48AD-B8D7-02A6E4991812}"
EndProject
Project("{FAE04EC0-301F-11D3-BF4B-00C04F79EFBC}") = "JavaScriptCoreSharp", "Libs\JavaScriptCoreSharp\JavaScriptCoreSharp.csproj", "{AE7A5CFE-1B8F-48D1-A7E7-9C85D68F22B5}"
EndProject
Project("{2150E333-8FDC-42A3-9474-1A3956D46DE8}") = "Solution Items", "Solution Items", "{FC23FD8B-1D3B-4321-958E-08FC8CF803F0}"
	ProjectSection(SolutionItems) = preProject
		..\.gitattributes = ..\.gitattributes
		..\.gitignore = ..\.gitignore
		..\build.cake = ..\build.cake
		Directory.Build.props = Directory.Build.props
	EndProjectSection
EndProject
Project("{2150E333-8FDC-42A3-9474-1A3956D46DE8}") = "Docs", "Docs", "{D2229930-178D-48FB-B77B-DB22FFD7EB76}"
	ProjectSection(SolutionItems) = preProject
		..\Docs\architecture.md = ..\Docs\architecture.md
		..\Docs\article-building-gtk4-desktop-apps-in-csharp.md = ..\Docs\article-building-gtk4-desktop-apps-in-csharp.md
		..\Docs\coverage.md = ..\Docs\coverage.md
		..\Docs\getting-started.md = ..\Docs\getting-started.md
		..\Docs\migrating-to-gtk4.md = ..\Docs\migrating-to-gtk4.md
		..\Docs\testing.md = ..\Docs\testing.md
	EndProjectSection
EndProject
Project("{2150E333-8FDC-42A3-9474-1A3956D46DE8}") = "Sample", "Sample", "{0F1FA063-B515-4B53-A547-3E045797C624}"
EndProject
Global
	GlobalSection(SolutionConfigurationPlatforms) = preSolution
		Debug|Any CPU = Debug|Any CPU
		Debug|x64 = Debug|x64
		Debug|x86 = Debug|x86
		Release|Any CPU = Release|Any CPU
		Release|x64 = Release|x64
		Release|x86 = Release|x86
	EndGlobalSection
	GlobalSection(ProjectConfigurationPlatforms) = postSolution
		{B29673A7-EBEA-41F4-9F22-D72B333042A2}.Debug|Any CPU.ActiveCfg = Debug|Any CPU
		{B29673A7-EBEA-41F4-9F22-D72B333042A2}.Debug|Any CPU.Build.0 = Debug|Any CPU
		{B29673A7-EBEA-41F4-9F22-D72B333042A2}.Debug|x64.ActiveCfg = Debug|Any CPU
		{B29673A7-EBEA-41F4-9F22-D72B333042A2}.Debug|x64.Build.0 = Debug|Any CPU
		{B29673A7-EBEA-41F4-9F22-D72B333042A2}.Debug|x86.ActiveCfg = Debug|Any CPU
		{B29673A7-EBEA-41F4-9F22-D72B333042A2}.Debug|x86.Build.0 = Debug|Any CPU
		{B29673A7-EBEA-41F4-9F22-D72B333042A2}.Release|Any CPU.ActiveCfg = Release|Any CPU
		{B29673A7-EBEA-41F4-9F22-D72B333042A2}.Release|Any CPU.Build.0 = Release|Any CPU
		{B29673A7-EBEA-41F4-9F22-D72B333042A2}.Release|x64.ActiveCfg = Release|Any CPU
		{B29673A7-EBEA-41F4-9F22-D72B333042A2}.Release|x64.Build.0 = Release|Any CPU
		{B29673A7-EBEA-41F4-9F22-D72B333042A2}.Release|x86.ActiveCfg = Release|Any CPU
		{B29673A7-EBEA-41F4-9F22-D72B333042A2}.Release|x86.Build.0 = Release|Any CPU
		{D3E99527-1FEC-4DC7-8083-85E7C338E287}.Debug|Any CPU.ActiveCfg = Debug|Any CPU
		{D3E99527-1FEC-4DC7-8083-85E7C338E287}.Debug|Any CPU.Build.0 = Debug|Any CPU
		{D3E99527-1FEC-4DC7-8083-85E7C338E287}.Debug|x64.ActiveCfg = Debug|Any CPU
		{D3E99527-1FEC-4DC7-8083-85E7C338E287}.Debug|x64.Build.0 = Debug|Any CPU
		{D3E99527-1FEC-4DC7-8083-85E7C338E287}.Debug|x86.ActiveCfg = Debug|Any CPU
		{D3E99527-1FEC-4DC7-8083-85E7C338E287}.Debug|x86.Build.0 = Debug|Any CPU
		{D3E99527-1FEC-4DC7-8083-85E7C338E287}.Release|Any CPU.ActiveCfg = Release|Any CPU
		{D3E99527-1FEC-4DC7-8083-85E7C338E287}.Release|Any CPU.Build.0 = Release|Any CPU
		{D3E99527-1FEC-4DC7-8083-85E7C338E287}.Release|x64.ActiveCfg = Release|Any CPU
		{D3E99527-1FEC-4DC7-8083-85E7C338E287}.Release|x64.Build.0 = Release|Any CPU
		{D3E99527-1FEC-4DC7-8083-85E7C338E287}.Release|x86.ActiveCfg = Release|Any CPU
		{D3E99527-1FEC-4DC7-8083-85E7C338E287}.Release|x86.Build.0 = Release|Any CPU
		{92C67E4C-8FDE-463B-BEB9-CB09970887DD}.Debug|Any CPU.ActiveCfg = Debug|Any CPU
		{92C67E4C-8FDE-463B-BEB9-CB09970887DD}.Debug|Any CPU.Build.0 = Debug|Any CPU
		{92C67E4C-8FDE-463B-BEB9-CB09970887DD}.Debug|x64.ActiveCfg = Debug|Any CPU
		{92C67E4C-8FDE-463B-BEB9-CB09970887DD}.Debug|x64.Build.0 = Debug|Any CPU
		{92C67E4C-8FDE-463B-BEB9-CB09970887DD}.Debug|x86.ActiveCfg = Debug|Any CPU
		{92C67E4C-8FDE-463B-BEB9-CB09970887DD}.Debug|x86.Build.0 = Debug|Any CPU
		{92C67E4C-8FDE-463B-BEB9-CB09970887DD}.Release|Any CPU.ActiveCfg = Release|Any CPU
		{92C67E4C-8FDE-463B-BEB9-CB09970887DD}.Release|Any CPU.Build.0 = Release|Any CPU
		{92C67E4C-8FDE-463B-BEB9-CB09970887DD}.Release|x64.ActiveCfg = Release|Any CPU
		{92C67E4C-8FDE-463B-BEB9-CB09970887DD}.Release|x64.Build.0 = Release|Any CPU
		{92C67E4C-8FDE-463B-BEB9-CB09970887DD}.Release|x86.ActiveCfg = Release|Any CPU
		{92C67E4C-8FDE-463B-BEB9-CB09970887DD}.Release|x86.Build.0 = Release|Any CPU
		{E6D83259-6389-4768-B0A0-A649892DFE62}.Debug|Any CPU.ActiveCfg = Debug|Any CPU
		{E6D83259-6389-4768-B0A0-A649892DFE62}.Debug|Any CPU.Build.0 = Debug|Any CPU
		{E6D83259-6389-4768-B0A0-A649892DFE62}.Debug|x64.ActiveCfg = Debug|Any CPU
		{E6D83259-6389-4768-B0A0-A649892DFE62}.Debug|x64.Build.0 = Debug|Any CPU
		{E6D83259-6389-4768-B0A0-A649892DFE62}.Debug|x86.ActiveCfg = Debug|Any CPU
		{E6D83259-6389-4768-B0A0-A649892DFE62}.Debug|x86.Build.0 = Debug|Any CPU
		{E6D83259-6389-4768-B0A0-A649892DFE62}.Release|Any CPU.ActiveCfg = Release|Any CPU
		{E6D83259-6389-4768-B0A0-A649892DFE62}.Release|Any CPU.Build.0 = Release|Any CPU
		{E6D83259-6389-4768-B0A0-A649892DFE62}.Release|x64.ActiveCfg = Release|Any CPU
		{E6D83259-6389-4768-B0A0-A649892DFE62}.Release|x64.Build.0 = Release|Any CPU
		{E6D83259-6389-4768-B0A0-A649892DFE62}.Release|x86.ActiveCfg = Release|Any CPU
		{E6D83259-6389-4768-B0A0-A649892DFE62}.Release|x86.Build.0 = Release|Any CPU
		{B4B26375-BED5-4000-A38F-899FF1672B47}.Debug|Any CPU.ActiveCfg = Debug|Any CPU
		{B4B26375-BED5-4000-A38F-899FF1672B47}.Debug|Any CPU.Build.0 = Debug|Any CPU
		{B4B26375-BED5-4000-A38F-899FF1672B47}.Debug|x64.ActiveCfg = Debug|Any CPU
		{B4B26375-BED5-4000-A38F-899FF1672B47}.Debug|x64.Build.0 = Debug|Any CPU
		{B4B26375-BED5-4000-A38F-899FF1672B47}.Debug|x86.ActiveCfg = Debug|Any CPU
		{B4B26375-BED5-4000-A38F-899FF1672B47}.Debug|x86.Build.0 = Debug|Any CPU
		{B4B26375-BED5-4000-A38F-899FF1672B47}.Release|Any CPU.ActiveCfg = Release|Any CPU
		{B4B26375-BED5-4000-A38F-899FF1672B47}.Release|Any CPU.Build.0 = Release|Any CPU
		{B4B26375-BED5-4000-A38F-899FF1672B47}.Release|x64.ActiveCfg = Release|Any CPU
		{B4B26375-BED5-4000-A38F-899FF1672B47}.Release|x64.Build.0 = Release|Any CPU
		{B4B26375-BED5-4000-A38F-899FF1672B47}.Release|x86.ActiveCfg = Release|Any CPU
		{B4B26375-BED5-4000-A38F-899FF1672B47}.Release|x86.Build.0 = Release|Any CPU
		{04597E0B-375D-4E08-A16C-EE5FF3937B73}.Debug|Any CPU.ActiveCfg = Debug|Any CPU
		{04597E0B-375D-4E08-A16C-EE5FF3937B73}.Debug|Any CPU.Build.0 = Debug|Any CPU
		{04597E0B-375D-4E08-A16C-EE5FF3937B73}.Debug|x64.ActiveCfg = Debug|Any CPU
		{04597E0B-375D-4E08-A16C-EE5FF3937B73}.Debug|x64.Build.0 = Debug|Any CPU
		{04597E0B-375D-4E08-A16C-EE5FF3937B73}.Debug|x86.ActiveCfg = Debug|Any CPU
		{04597E0B-375D-4E08-A16C-EE5FF3937B73}.Debug|x86.Build.0 = Debug|Any CPU
		{04597E0B-375D-4E08-A16C-EE5FF3937B73}.Release|Any CPU.ActiveCfg = Release|Any CPU
		{04597E0B-375D-4E08-A16C-EE5FF3937B73}.Release|Any CPU.Build.0 = Release|Any CPU
		{04597E0B-375D-4E08-A16C-EE5FF3937B73}.Release|x64.ActiveCfg = Release|Any CPU
		{04597E0B-375D-4E08-A16C-EE5FF3937B73}.Release|x64.Build.0 = Release|Any CPU
		{04597E0B-375D-4E08-A16C-EE5FF3937B73}.Release|x86.ActiveCfg = Release|Any CPU
		{04597E0B-375D-4E08-A16C-EE5FF3937B73}.Release|x86.Build.0 = Release|Any CPU
		{A5667C9B-5D29-4FB6-B548-D1317A2CEF90}.Debug|Any CPU.ActiveCfg = Debug|Any CPU
		{A5667C9B-5D29-4FB6-B548-D1317A2CEF90}.Debug|Any CPU.Build.0 = Debug|Any CPU
		{A5667C9B-5D29-4FB6-B548-D1317A2CEF90}.Debug|x64.ActiveCfg = Debug|Any CPU
		{A5667C9B-5D29-4FB6-B548-D1317A2CEF90}.Debug|x64.Build.0 = Debug|Any CPU
		{A5667C9B-5D29-4FB6-B548-D1317A2CEF90}.Debug|x86.ActiveCfg = Debug|Any CPU
		{A5667C9B-5D29-4FB6-B548-D1317A2CEF90}.Debug|x86.Build.0 = Debug|Any CPU
		{A5667C9B-5D29-4FB6-B548-D1317A2CEF90}.Release|Any CPU.ActiveCfg = Release|Any CPU
		{A5667C9B-5D29-4FB6-B548-D1317A2CEF90}.Release|Any CPU.Build.0 = Release|Any CPU
		{A5667C9B-5D29-4FB6-B548-D1317A2CEF90}.Release|x64.ActiveCfg = Release|Any CPU
		{A5667C9B-5D29-4FB6-B548-D1317A2CEF90}.Release|x64.Build.0 = Release|Any CPU
		{A5667C9B-5D29-4FB6-B548-D1317A2CEF90}.Release|x86.ActiveCfg = Release|Any CPU
		{A5667C9B-5D29-4FB6-B548-D1317A2CEF90}.Release|x86.Build.0 = Release|Any CPU
		{2BD3D08E-0FDD-4DC3-A063-58B10B525DA8}.Debug|Any CPU.ActiveCfg = Debug|Any CPU
		{2BD3D08E-0FDD-4DC3-A063-58B10B525DA8}.Debug|Any CPU.Build.0 = Debug|Any CPU
		{2BD3D08E-0FDD-4DC3-A063-58B10B525DA8}.Debug|x64.ActiveCfg = Debug|Any CPU
		{2BD3D08E-0FDD-4DC3-A063-58B10B525DA8}.Debug|x64.Build.0 = Debug|Any CPU
		{2BD3D08E-0FDD-4DC3-A063-58B10B525DA8}.Debug|x86.ActiveCfg = Debug|Any CPU
		{2BD3D08E-0FDD-4DC3-A063-58B10B525DA8}.Debug|x86.Build.0 = Debug|Any CPU
		{2BD3D08E-0FDD-4DC3-A063-58B10B525DA8}.Release|Any CPU.ActiveCfg = Release|Any CPU
		{2BD3D08E-0FDD-4DC3-A063-58B10B525DA8}.Release|Any CPU.Build.0 = Release|Any CPU
		{2BD3D08E-0FDD-4DC3-A063-58B10B525DA8}.Release|x64.ActiveCfg = Release|Any CPU
		{2BD3D08E-0FDD-4DC3-A063-58B10B525DA8}.Release|x64.Build.0 = Release|Any CPU
		{2BD3D08E-0FDD-4DC3-A063-58B10B525DA8}.Release|x86.ActiveCfg = Release|Any CPU
		{2BD3D08E-0FDD-4DC3-A063-58B10B525DA8}.Release|x86.Build.0 = Release|Any CPU
		{60E31DAD-B6E8-4074-B2ED-53FCDFCB0F4D}.Debug|Any CPU.ActiveCfg = Debug|Any CPU
		{60E31DAD-B6E8-4074-B2ED-53FCDFCB0F4D}.Debug|Any CPU.Build.0 = Debug|Any CPU
		{60E31DAD-B6E8-4074-B2ED-53FCDFCB0F4D}.Debug|x64.ActiveCfg = Debug|Any CPU
		{60E31DAD-B6E8-4074-B2ED-53FCDFCB0F4D}.Debug|x64.Build.0 = Debug|Any CPU
		{60E31DAD-B6E8-4074-B2ED-53FCDFCB0F4D}.Debug|x86.ActiveCfg = Debug|Any CPU
		{60E31DAD-B6E8-4074-B2ED-53FCDFCB0F4D}.Debug|x86.Build.0 = Debug|Any CPU
		{60E31DAD-B6E8-4074-B2ED-53FCDFCB0F4D}.Release|Any CPU.ActiveCfg = Release|Any CPU
		{60E31DAD-B6E8-4074-B2ED-53FCDFCB0F4D}.Release|Any CPU.Build.0 = Release|Any CPU
		{60E31DAD-B6E8-4074-B2ED-53FCDFCB0F4D}.Release|x64.ActiveCfg = Release|Any CPU
		{60E31DAD-B6E8-4074-B2ED-53FCDFCB0F4D}.Release|x64.Build.0 = Release|Any CPU
		{60E31DAD-B6E8-4074-B2ED-53FCDFCB0F4D}.Release|x86.ActiveCfg = Release|Any CPU
		{60E31DAD-B6E8-4074-B2ED-53FCDFCB0F4D}.Release|x86.Build.0 = Release|Any CPU
		{3B6D1E44-2A97-4F58-9C0E-51D7A2E64B18}.Debug|Any CPU.ActiveCfg = Debug|Any CPU
		{3B6D1E44-2A97-4F58-9C0E-51D7A2E64B18}.Debug|Any CPU.Build.0 = Debug|Any CPU
		{3B6D1E44-2A97-4F58-9C0E-51D7A2E64B18}.Debug|x64.ActiveCfg = Debug|Any CPU
		{3B6D1E44-2A97-4F58-9C0E-51D7A2E64B18}.Debug|x64.Build.0 = Debug|Any CPU
		{3B6D1E44-2A97-4F58-9C0E-51D7A2E64B18}.Debug|x86.ActiveCfg = Debug|Any CPU
		{3B6D1E44-2A97-4F58-9C0E-51D7A2E64B18}.Debug|x86.Build.0 = Debug|Any CPU
		{3B6D1E44-2A97-4F58-9C0E-51D7A2E64B18}.Release|Any CPU.ActiveCfg = Release|Any CPU
		{3B6D1E44-2A97-4F58-9C0E-51D7A2E64B18}.Release|Any CPU.Build.0 = Release|Any CPU
		{3B6D1E44-2A97-4F58-9C0E-51D7A2E64B18}.Release|x64.ActiveCfg = Release|Any CPU
		{3B6D1E44-2A97-4F58-9C0E-51D7A2E64B18}.Release|x64.Build.0 = Release|Any CPU
		{3B6D1E44-2A97-4F58-9C0E-51D7A2E64B18}.Release|x86.ActiveCfg = Release|Any CPU
		{3B6D1E44-2A97-4F58-9C0E-51D7A2E64B18}.Release|x86.Build.0 = Release|Any CPU
		{9E4C7A15-63B2-48D9-A7F3-0C5B81E92D46}.Debug|Any CPU.ActiveCfg = Debug|Any CPU
		{9E4C7A15-63B2-48D9-A7F3-0C5B81E92D46}.Debug|Any CPU.Build.0 = Debug|Any CPU
		{9E4C7A15-63B2-48D9-A7F3-0C5B81E92D46}.Debug|x64.ActiveCfg = Debug|Any CPU
		{9E4C7A15-63B2-48D9-A7F3-0C5B81E92D46}.Debug|x64.Build.0 = Debug|Any CPU
		{9E4C7A15-63B2-48D9-A7F3-0C5B81E92D46}.Debug|x86.ActiveCfg = Debug|Any CPU
		{9E4C7A15-63B2-48D9-A7F3-0C5B81E92D46}.Debug|x86.Build.0 = Debug|Any CPU
		{9E4C7A15-63B2-48D9-A7F3-0C5B81E92D46}.Release|Any CPU.ActiveCfg = Release|Any CPU
		{9E4C7A15-63B2-48D9-A7F3-0C5B81E92D46}.Release|Any CPU.Build.0 = Release|Any CPU
		{9E4C7A15-63B2-48D9-A7F3-0C5B81E92D46}.Release|x64.ActiveCfg = Release|Any CPU
		{9E4C7A15-63B2-48D9-A7F3-0C5B81E92D46}.Release|x64.Build.0 = Release|Any CPU
		{9E4C7A15-63B2-48D9-A7F3-0C5B81E92D46}.Release|x86.ActiveCfg = Release|Any CPU
		{9E4C7A15-63B2-48D9-A7F3-0C5B81E92D46}.Release|x86.Build.0 = Release|Any CPU
		{5A81F03C-7D46-4E29-B15A-8F62C0D74E93}.Debug|Any CPU.ActiveCfg = Debug|Any CPU
		{5A81F03C-7D46-4E29-B15A-8F62C0D74E93}.Debug|Any CPU.Build.0 = Debug|Any CPU
		{5A81F03C-7D46-4E29-B15A-8F62C0D74E93}.Debug|x64.ActiveCfg = Debug|Any CPU
		{5A81F03C-7D46-4E29-B15A-8F62C0D74E93}.Debug|x64.Build.0 = Debug|Any CPU
		{5A81F03C-7D46-4E29-B15A-8F62C0D74E93}.Debug|x86.ActiveCfg = Debug|Any CPU
		{5A81F03C-7D46-4E29-B15A-8F62C0D74E93}.Debug|x86.Build.0 = Debug|Any CPU
		{5A81F03C-7D46-4E29-B15A-8F62C0D74E93}.Release|Any CPU.ActiveCfg = Release|Any CPU
		{5A81F03C-7D46-4E29-B15A-8F62C0D74E93}.Release|Any CPU.Build.0 = Release|Any CPU
		{5A81F03C-7D46-4E29-B15A-8F62C0D74E93}.Release|x64.ActiveCfg = Release|Any CPU
		{5A81F03C-7D46-4E29-B15A-8F62C0D74E93}.Release|x64.Build.0 = Release|Any CPU
		{5A81F03C-7D46-4E29-B15A-8F62C0D74E93}.Release|x86.ActiveCfg = Release|Any CPU
		{5A81F03C-7D46-4E29-B15A-8F62C0D74E93}.Release|x86.Build.0 = Release|Any CPU
		{5AF767AD-F5EC-48AD-B8D7-02A6E4991812}.Debug|Any CPU.ActiveCfg = Debug|Any CPU
		{5AF767AD-F5EC-48AD-B8D7-02A6E4991812}.Debug|Any CPU.Build.0 = Debug|Any CPU
		{5AF767AD-F5EC-48AD-B8D7-02A6E4991812}.Debug|x64.ActiveCfg = Debug|Any CPU
		{5AF767AD-F5EC-48AD-B8D7-02A6E4991812}.Debug|x64.Build.0 = Debug|Any CPU
		{5AF767AD-F5EC-48AD-B8D7-02A6E4991812}.Debug|x86.ActiveCfg = Debug|Any CPU
		{5AF767AD-F5EC-48AD-B8D7-02A6E4991812}.Debug|x86.Build.0 = Debug|Any CPU
		{5AF767AD-F5EC-48AD-B8D7-02A6E4991812}.Release|Any CPU.ActiveCfg = Release|Any CPU
		{5AF767AD-F5EC-48AD-B8D7-02A6E4991812}.Release|Any CPU.Build.0 = Release|Any CPU
		{5AF767AD-F5EC-48AD-B8D7-02A6E4991812}.Release|x64.ActiveCfg = Release|Any CPU
		{5AF767AD-F5EC-48AD-B8D7-02A6E4991812}.Release|x64.Build.0 = Release|Any CPU
		{5AF767AD-F5EC-48AD-B8D7-02A6E4991812}.Release|x86.ActiveCfg = Release|Any CPU
		{5AF767AD-F5EC-48AD-B8D7-02A6E4991812}.Release|x86.Build.0 = Release|Any CPU
		{AE7A5CFE-1B8F-48D1-A7E7-9C85D68F22B5}.Debug|Any CPU.ActiveCfg = Debug|Any CPU
		{AE7A5CFE-1B8F-48D1-A7E7-9C85D68F22B5}.Debug|Any CPU.Build.0 = Debug|Any CPU
		{AE7A5CFE-1B8F-48D1-A7E7-9C85D68F22B5}.Debug|x64.ActiveCfg = Debug|Any CPU
		{AE7A5CFE-1B8F-48D1-A7E7-9C85D68F22B5}.Debug|x64.Build.0 = Debug|Any CPU
		{AE7A5CFE-1B8F-48D1-A7E7-9C85D68F22B5}.Debug|x86.ActiveCfg = Debug|Any CPU
		{AE7A5CFE-1B8F-48D1-A7E7-9C85D68F22B5}.Debug|x86.Build.0 = Debug|Any CPU
		{AE7A5CFE-1B8F-48D1-A7E7-9C85D68F22B5}.Release|Any CPU.ActiveCfg = Release|Any CPU
		{AE7A5CFE-1B8F-48D1-A7E7-9C85D68F22B5}.Release|Any CPU.Build.0 = Release|Any CPU
		{AE7A5CFE-1B8F-48D1-A7E7-9C85D68F22B5}.Release|x64.ActiveCfg = Release|Any CPU
		{AE7A5CFE-1B8F-48D1-A7E7-9C85D68F22B5}.Release|x64.Build.0 = Release|Any CPU
		{AE7A5CFE-1B8F-48D1-A7E7-9C85D68F22B5}.Release|x86.ActiveCfg = Release|Any CPU
		{AE7A5CFE-1B8F-48D1-A7E7-9C85D68F22B5}.Release|x86.Build.0 = Release|Any CPU
	EndGlobalSection
	GlobalSection(SolutionProperties) = preSolution
		HideSolutionNode = FALSE
	EndGlobalSection
	GlobalSection(NestedProjects) = preSolution
		{B29673A7-EBEA-41F4-9F22-D72B333042A2} = {CCEA1235-D75F-4919-83F6-16793B11BEF5}
		{D3E99527-1FEC-4DC7-8083-85E7C338E287} = {CCEA1235-D75F-4919-83F6-16793B11BEF5}
		{92C67E4C-8FDE-463B-BEB9-CB09970887DD} = {CCEA1235-D75F-4919-83F6-16793B11BEF5}
		{E6D83259-6389-4768-B0A0-A649892DFE62} = {CCEA1235-D75F-4919-83F6-16793B11BEF5}
		{B4B26375-BED5-4000-A38F-899FF1672B47} = {CCEA1235-D75F-4919-83F6-16793B11BEF5}
		{04597E0B-375D-4E08-A16C-EE5FF3937B73} = {CCEA1235-D75F-4919-83F6-16793B11BEF5}
		{A5667C9B-5D29-4FB6-B548-D1317A2CEF90} = {0F1FA063-B515-4B53-A547-3E045797C624}
		{2BD3D08E-0FDD-4DC3-A063-58B10B525DA8} = {CCEA1235-D75F-4919-83F6-16793B11BEF5}
		{60E31DAD-B6E8-4074-B2ED-53FCDFCB0F4D} = {CCEA1235-D75F-4919-83F6-16793B11BEF5}
		{3B6D1E44-2A97-4F58-9C0E-51D7A2E64B18} = {CCEA1235-D75F-4919-83F6-16793B11BEF5}
		{9E4C7A15-63B2-48D9-A7F3-0C5B81E92D46} = {CCEA1235-D75F-4919-83F6-16793B11BEF5}
		{5A81F03C-7D46-4E29-B15A-8F62C0D74E93} = {CCEA1235-D75F-4919-83F6-16793B11BEF5}
		{5AF767AD-F5EC-48AD-B8D7-02A6E4991812} = {0AB3BF05-4346-4AA6-1389-037BE0695223}
		{AE7A5CFE-1B8F-48D1-A7E7-9C85D68F22B5} = {CCEA1235-D75F-4919-83F6-16793B11BEF5}
	EndGlobalSection
	GlobalSection(ExtensibilityGlobals) = postSolution
		SolutionGuid = {DA4DD75D-B6C8-4836-AF84-B5FF538D9D86}
	EndGlobalSection
EndGlobal
