Microsoft Visual Studio Solution File, Format Version 12.00
# Visual Studio Version 16
VisualStudioVersion = 16.0.29306.81
MinimumVisualStudioVersion = 15.0.26124.0
Project("{9A19103F-16F7-4668-BE54-9A1E7A4F7556}") = "GapiCodegen", "GapiCodegen\GapiCodegen.csproj", "{2CA6614A-F064-4136-ABDE-2DFB37E0F12B}"
EndProject
Project("{9A19103F-16F7-4668-BE54-9A1E7A4F7556}") = "GapiFixup", "GapiFixup\GapiFixup.csproj", "{DC7A0B5F-448F-4978-849B-3038D9B9C285}"
EndProject
Global
	GlobalSection(SolutionConfigurationPlatforms) = preSolution
		Debug|Any CPU = Debug|Any CPU
		Debug|x64 = Debug|x64
		Debug|x86 = Debug|x86
		Release|Any CPU = Release|Any CPU
		Release|x64 = Release|x64
		Release|x86 = Release|x86
	EndGlobalSection
	GlobalSection(ProjectConfigurationPlatforms) = postSolution
		{2CA6614A-F064-4136-ABDE-2DFB37E0F12B}.Debug|Any CPU.ActiveCfg = Debug|Any CPU
		{2CA6614A-F064-4136-ABDE-2DFB37E0F12B}.Debug|Any CPU.Build.0 = Debug|Any CPU
		{2CA6614A-F064-4136-ABDE-2DFB37E0F12B}.Debug|x64.ActiveCfg = Debug|Any CPU
		{2CA6614A-F064-4136-ABDE-2DFB37E0F12B}.Debug|x64.Build.0 = Debug|Any CPU
		{2CA6614A-F064-4136-ABDE-2DFB37E0F12B}.Debug|x86.ActiveCfg = Debug|Any CPU
		{2CA6614A-F064-4136-ABDE-2DFB37E0F12B}.Debug|x86.Build.0 = Debug|Any CPU
		{2CA6614A-F064-4136-ABDE-2DFB37E0F12B}.Release|Any CPU.ActiveCfg = Release|Any CPU
		{2CA6614A-F064-4136-ABDE-2DFB37E0F12B}.Release|Any CPU.Build.0 = Release|Any CPU
		{2CA6614A-F064-4136-ABDE-2DFB37E0F12B}.Release|x64.ActiveCfg = Release|Any CPU
		{2CA6614A-F064-4136-ABDE-2DFB37E0F12B}.Release|x64.Build.0 = Release|Any CPU
		{2CA6614A-F064-4136-ABDE-2DFB37E0F12B}.Release|x86.ActiveCfg = Release|Any CPU
		{2CA6614A-F064-4136-ABDE-2DFB37E0F12B}.Release|x86.Build.0 = Release|Any CPU
		{DC7A0B5F-448F-4978-849B-3038D9B9C285}.Debug|Any CPU.ActiveCfg = Debug|Any CPU
		{DC7A0B5F-448F-4978-849B-3038D9B9C285}.Debug|Any CPU.Build.0 = Debug|Any CPU
		{DC7A0B5F-448F-4978-849B-3038D9B9C285}.Debug|x64.ActiveCfg = Debug|Any CPU
		{DC7A0B5F-448F-4978-849B-3038D9B9C285}.Debug|x64.Build.0 = Debug|Any CPU
		{DC7A0B5F-448F-4978-849B-3038D9B9C285}.Debug|x86.ActiveCfg = Debug|Any CPU
		{DC7A0B5F-448F-4978-849B-3038D9B9C285}.Debug|x86.Build.0 = Debug|Any CPU
		{DC7A0B5F-448F-4978-849B-3038D9B9C285}.Release|Any CPU.ActiveCfg = Release|Any CPU
		{DC7A0B5F-448F-4978-849B-3038D9B9C285}.Release|Any CPU.Build.0 = Release|Any CPU
		{DC7A0B5F-448F-4978-849B-3038D9B9C285}.Release|x64.ActiveCfg = Release|Any CPU
		{DC7A0B5F-448F-4978-849B-3038D9B9C285}.Release|x64.Build.0 = Release|Any CPU
		{DC7A0B5F-448F-4978-849B-3038D9B9C285}.Release|x86.ActiveCfg = Release|Any CPU
		{DC7A0B5F-448F-4978-849B-3038D9B9C285}.Release|x86.Build.0 = Release|Any CPU
	EndGlobalSection
	GlobalSection(SolutionProperties) = preSolution
		HideSolutionNode = FALSE
	EndGlobalSection
	GlobalSection(ExtensibilityGlobals) = postSolution
		SolutionGuid = {35C3162B-E475-42D4-8ACE-5A81617CDDA9}
	EndGlobalSection
EndGlobal
